
Microsoft Visual Studio Solution File, Format Version 12.00
# Visual Studio Version 16
VisualStudioVersion = 16.0.30907.101
MinimumVisualStudioVersion = 10.0.40219.1
Project("{9A19103F-16F7-4668-BE54-9A1E7A4F7556}") = "KeyValueStore.Web", "KeyValueStore.Web\KeyValueStore.Web.csproj", "{4F73E891-5E55-42F3-A9FA-91338BED9083}"
EndProject
Project("{9A19103F-16F7-4668-BE54-9A1E7A4F7556}") = "KeyValueStore.BusinessLayer", "KeyValueStore.BusinessLayer\KeyValueStore.BusinessLayer.csproj", "{7BA4A900-28FE-4F1F-917E-4F0B14971049}"
EndProject
Project("{9A19103F-16F7-4668-BE54-9A1E7A4F7556}") = "KeyValueStore.BusinessLayer.Tests", "KeyValueStore.BusinessLayer.Tests\KeyValueStore.BusinessLayer.Tests.csproj", "{C2FF9838-6EFD-4890-8FBC-0144B2FC324D}"
EndProject
Project("{FAE04EC0-301F-11D3-BF4B-00C04F79EFBC}") = "KeyValueStore.IntegrationTests", "KeyValueStore.IntegrationTests\KeyValueStore.IntegrationTests.csproj", "{A26627C2-BB4C-4C2E-BB82-CF47FF09D3D0}"
EndProject
Global
	GlobalSection(SolutionConfigurationPlatforms) = preSolution
		Debug|Any CPU = Debug|Any CPU
		Release|Any CPU = Release|Any CPU
	EndGlobalSection
	GlobalSection(ProjectConfigurationPlatforms) = postSolution
		{4F73E891-5E55-42F3-A9FA-91338BED9083}.Debug|Any CPU.ActiveCfg = Debug|Any CPU
		{4F73E891-5E55-42F3-A9FA-91338BED9083}.Debug|Any CPU.Build.0 = Debug|Any CPU
		{4F73E891-5E55-42F3-A9FA-91338BED9083}.Release|Any CPU.ActiveCfg = Release|Any CPU
		{4F73E891-5E55-42F3-A9FA-91338BED9083}.Release|Any CPU.Build.0 = Release|Any CPU
		{7BA4A900-28FE-4F1F-917E-4F0B14971049}.Debug|Any CPU.ActiveCfg = Debug|Any CPU
		{7BA4A900-28FE-4F1F-917E-4F0B14971049}.Debug|Any CPU.Build.0 = Debug|Any CPU
		{7BA4A900-28FE-4F1F-917E-4F0B14971049}.Release|Any CPU.ActiveCfg = Release|Any CPU
		{7BA4A900-28FE-4F1F-917E-4F0B14971049}.Release|Any CPU.Build.0 = Release|Any CPU
		{C2FF9838-6EFD-4890-8FBC-0144B2FC324D}.Debug|Any CPU.ActiveCfg = Debug|Any CPU
		{C2FF9838-6EFD-4890-8FBC-0144B2FC324D}.Debug|Any CPU.Build.0 = Debug|Any CPU
		{C2FF9838-6EFD-4890-8FBC-0144B2FC324D}.Release|Any CPU.ActiveCfg = Release|Any CPU
		{C2FF9838-6EFD-4890-8FBC-0144B2FC324D}.Release|Any CPU.Build.0 = Release|Any CPU
		{A26627C2-BB4C-4C2E-BB82-CF47FF09D3D0}.Debug|Any CPU.ActiveCfg = Debug|Any CPU
		{A26627C2-BB4C-4C2E-BB82-CF47FF09D3D0}.Debug|Any CPU.Build.0 = Debug|Any CPU
		{A26627C2-BB4C-4C2E-BB82-CF47FF09D3D0}.Release|Any CPU.ActiveCfg = Release|Any CPU
		{A26627C2-BB4C-4C2E-BB82-CF47FF09D3D0}.Release|Any CPU.Build.0 = Release|Any CPU
	EndGlobalSection
	GlobalSection(SolutionProperties) = preSolution
		HideSolutionNode = FALSE
	EndGlobalSection
	GlobalSection(ExtensibilityGlobals) = postSolution
		SolutionGuid = {D2E62A22-210E-43CE-9403-FE627BF3B8FD}
	EndGlobalSection
EndGlobal
